// !$*UTF8*$!
{
	archiveVersion = 1;
	classes = {
	};
	objectVersion = 46;
	objects = {

/* Begin PBXBuildFile section */
		8BE574FF1B82D0970058722A /* main.m in Sources */ = {isa = PBXBuildFile; fileRef = 8BE574FE1B82D0970058722A /* main.m */; };
		8BE575021B82D0970058722A /* AppDelegate.m in Sources */ = {isa = PBXBuildFile; fileRef = 8BE575011B82D0970058722A /* AppDelegate.m */; };
		8BE575081B82D0970058722A /* Main.storyboard in Resources */ = {isa = PBXBuildFile; fileRef = 8BE575061B82D0970058722A /* Main.storyboard */; };
		8BE5750A1B82D0970058722A /* Images.xcassets in Resources */ = {isa = PBXBuildFile; fileRef = 8BE575091B82D0970058722A /* Images.xcassets */; };
		8BE5750D1B82D0970058722A /* LaunchScreen.xib in Resources */ = {isa = PBXBuildFile; fileRef = 8BE5750B1B82D0970058722A /* LaunchScreen.xib */; };
		8BE575191B82D0970058722A /* TableViewControlerTests.m in Sources */ = {isa = PBXBuildFile; fileRef = 8BE575181B82D0970058722A /* TableViewControlerTests.m */; };
		8BE575241B82D0FD0058722A /* TableViewTableViewController.m in Sources */ = {isa = PBXBuildFile; fileRef = 8BE575231B82D0FD0058722A /* TableViewTableViewController.m */; };
		8BE575271B82EE680058722A /* TableCellTableViewCell.m in Sources */ = {isa = PBXBuildFile; fileRef = 8BE575261B82EE680058722A /* TableCellTableViewCell.m */; };
		8BF1237E1B82FBE4003C85C2 /* DetailViewViewController.m in Sources */ = {isa = PBXBuildFile; fileRef = 8BF1237D1B82FBE4003C85C2 /* DetailViewViewController.m */; };
/* End PBXBuildFile section */

/* Begin PBXContainerItemProxy section */
		8BE575131B82D0970058722A /* PBXContainerItemProxy */ = {
			isa = PBXContainerItemProxy;
			containerPortal = 8BE574F11B82D0960058722A /* Project object */;
			proxyType = 1;
			remoteGlobalIDString = 8BE574F81B82D0960058722A;
			remoteInfo = TableViewControler;
		};
/* End PBXContainerItemProxy section */

/* Begin PBXFileReference section */
		8BE574F91B82D0960058722A /* TableViewControler.app */ = {isa = PBXFileReference; explicitFileType = wrapper.application; includeInIndex = 0; path = TableViewControler.app; sourceTree = BUILT_PRODUCTS_DIR; };
		8BE574FD1B82D0970058722A /* Info.plist */ = {isa = PBXFileReference; lastKnownFileType = text.plist.xml; path = Info.plist; sourceTree = "<group>"; };
		8BE574FE1B82D0970058722A /* main.m */ = {isa = PBXFileReference; lastKnownFileType = sourcecode.c.objc; path = main.m; sourceTree = "<group>"; };
		8BE575001B82D0970058722A /* AppDelegate.h */ = {isa = PBXFileReference; lastKnownFileType = sourcecode.c.h; path = AppDelegate.h; sourceTree = "<group>"; };
		8BE575011B82D0970058722A /* AppDelegate.m */ = {isa = PBXFileReference; lastKnownFileType = sourcecode.c.objc; path = AppDelegate.m; sourceTree = "<group>"; };
		8BE575071B82D0970058722A /* Base */ = {isa = PBXFileReference; lastKnownFileType = file.storyboard; name = Base; path = Base.lproj/Main.storyboard; sourceTree = "<group>"; };
		8BE575091B82D0970058722A /* Images.xcassets */ = {isa = PBXFileReference; lastKnownFileType = folder.assetcatalog; path = Images.xcassets; sourceTree = "<group>"; };
		8BE5750C1B82D0970058722A /* Base */ = {isa = PBXFileReference; lastKnownFileType = file.xib; name = Base; path = Base.lproj/LaunchScreen.xib; sourceTree = "<group>"; };
		8BE575121B82D0970058722A /* TableViewControlerTests.xctest */ = {isa = PBXFileReference; explicitFileType = wrapper.cfbundle; includeInIndex = 0; path = TableViewControlerTests.xctest; sourceTree = BUILT_PRODUCTS_DIR; };
		8BE575171B82D0970058722A /* Info.plist */ = {isa = PBXFileReference; lastKnownFileType = text.plist.xml; path = Info.plist; sourceTree = "<group>"; };
		8BE575181B82D0970058722A /* TableViewControlerTests.m */ = {isa = PBXFileReference; lastKnownFileType = sourcecode.c.objc; path = TableViewControlerTests.m; sourceTree = "<group>"; };
		8BE575221B82D0FD0058722A /* TableViewTableViewController.h */ = {isa = PBXFileReference; fileEncoding = 4; lastKnownFileType = sourcecode.c.h; path = TableViewTableViewController.h; sourceTree = "<group>"; };
		8BE575231B82D0FD0058722A /* TableViewTableViewController.m */ = {isa = PBXFileReference; fileEncoding = 4; lastKnownFileType = sourcecode.c.objc; path = TableViewTableViewController.m; sourceTree = "<group>"; };
		8BE575251B82EE680058722A /* TableCellTableViewCell.h */ = {isa = PBXFileReference; fileEncoding = 4; lastKnownFileType = sourcecode.c.h; path = TableCellTableViewCell.h; sourceTree = "<group>"; };
		8BE575261B82EE680058722A /* TableCellTableViewCell.m */ = {isa = PBXFileReference; fileEncoding = 4; lastKnownFileType = sourcecode.c.objc; path = TableCellTableViewCell.m; sourceTree = "<group>"; };
		8BF1237C1B82FBE4003C85C2 /* DetailViewViewController.h */ = {isa = PBXFileReference; fileEncoding = 4; lastKnownFileType = sourcecode.c.h; path = DetailViewViewController.h; sourceTree = "<group>"; };
		8BF1237D1B82FBE4003C85C2 /* DetailViewViewController.m */ = {isa = PBXFileReference; fileEncoding = 4; lastKnownFileType = sourcecode.c.objc; path = DetailViewViewController.m; sourceTree = "<group>"; };
/* End PBXFileReference section */

/* Begin PBXFrameworksBuildPhase section */
		8BE574F61B82D0960058722A /* Frameworks */ = {
			isa = PBXFrameworksBuildPhase;
			buildActionMask = 2147483647;
			files = (
			);
			runOnlyForDeploymentPostprocessing = 0;
		};
		8BE5750F1B82D0970058722A /* Frameworks */ = {
			isa = PBXFrameworksBuildPhase;
			buildActionMask = 2147483647;
			files = (
			);
			runOnlyForDeploymentPostprocessing = 0;
		};
/* End PBXFrameworksBuildPhase section */

/* Begin PBXGroup section */
		8BE574F01B82D0960058722A = {
			isa = PBXGroup;
			children = (
				8BE574FB1B82D0960058722A /* TableViewControler */,
				8BE575151B82D0970058722A /* TableViewControlerTests */,
				8BE574FA1B82D0960058722A /* Products */,
			);
			sourceTree = "<group>";
		};
		8BE574FA1B82D0960058722A /* Products */ = {
			isa = PBXGroup;
			children = (
				8BE574F91B82D0960058722A /* TableViewControler.app */,
				8BE575121B82D0970058722A /* TableViewControlerTests.xctest */,
			);
			name = Products;
			sourceTree = "<group>";
		};
		8BE574FB1B82D0960058722A /* TableViewControler */ = {
			isa = PBXGroup;
			children = (
				8BE575001B82D0970058722A /* AppDelegate.h */,
				8BE575011B82D0970058722A /* AppDelegate.m */,
				8BE575061B82D0970058722A /* Main.storyboard */,
				8BE575091B82D0970058722A /* Images.xcassets */,
				8BE5750B1B82D0970058722A /* LaunchScreen.xib */,
				8BE574FC1B82D0960058722A /* Supporting Files */,
				8BE575221B82D0FD0058722A /* TableViewTableViewController.h */,
				8BE575231B82D0FD0058722A /* TableViewTableViewController.m */,
				8BE575251B82EE680058722A /* TableCellTableViewCell.h */,
				8BE575261B82EE680058722A /* TableCellTableViewCell.m */,
				8BF1237C1B82FBE4003C85C2 /* DetailViewViewController.h */,
				8BF1237D1B82FBE4003C85C2 /* DetailViewViewController.m */,
			);
			path = TableViewControler;
			sourceTree = "<group>";
		};
		8BE574FC1B82D0960058722A /* Supporting Files */ = {
			isa = PBXGroup;
			children = (
				8BE574FD1B82D0970058722A /* Info.plist */,
				8BE574FE1B82D0970058722A /* main.m */,
			);
			name = "Supporting Files";
			sourceTree = "<group>";
		};
		8BE575151B82D0970058722A /* TableViewControlerTests */ = {
			isa = PBXGroup;
			children = (
				8BE575181B82D0970058722A /* TableViewControlerTests.m */,
				8BE575161B82D0970058722A /* Supporting Files */,
			);
			path = TableViewControlerTests;
			sourceTree = "<group>";
		};
		8BE575161B82D0970058722A /* Supporting Files */ = {
			isa = PBXGroup;
			children = (
				8BE575171B82D0970058722A /* Info.plist */,
			);
			name = "Supporting Files";
			sourceTree = "<group>";
		};
/* End PBXGroup section */

/* Begin PBXNativeTarget section */
		8BE574F81B82D0960058722A /* TableViewControler */ = {
			isa = PBXNativeTarget;
			buildConfigurationList = 8BE5751C1B82D0970058722A /* Build configuration list for PBXNativeTarget "TableViewControler" */;
			buildPhases = (
				8BE574F51B82D0960058722A /* Sources */,
				8BE574F61B82D0960058722A /* Frameworks */,
				8BE574F71B82D0960058722A /* Resources */,
			);
			buildRules = (
			);
			dependencies = (
			);
			name = TableViewControler;
			productName = TableViewControler;
			productReference = 8BE574F91B82D0960058722A /* TableViewControler.app */;
			productType = "com.apple.product-type.application";
		};
		8BE575111B82D0970058722A /* TableViewControlerTests */ = {
			isa = PBXNativeTarget;
			buildConfigurationList = 8BE5751F1B82D0970058722A /* Build configuration list for PBXNativeTarget "TableViewControlerTests" */;
			buildPhases = (
				8BE5750E1B82D0970058722A /* Sources */,
				8BE5750F1B82D0970058722A /* Frameworks */,
				8BE575101B82D0970058722A /* Resources */,
			);
			buildRules = (
			);
			dependencies = (
				8BE575141B82D0970058722A /* PBXTargetDependency */,
			);
			name = TableViewControlerTests;
			productName = TableViewControlerTests;
			productReference = 8BE575121B82D0970058722A /* TableViewControlerTests.xctest */;
			productType = "com.apple.product-type.bundle.unit-test";
		};
/* End PBXNativeTarget section */

/* Begin PBXProject section */
		8BE574F11B82D0960058722A /* Project object */ = {
			isa = PBXProject;
			attributes = {
				LastUpgradeCheck = 0640;
				ORGANIZATIONNAME = Learning;
				TargetAttributes = {
					8BE574F81B82D0960058722A = {
						CreatedOnToolsVersion = 6.4;
					};
					8BE575111B82D0970058722A = {
						CreatedOnToolsVersion = 6.4;
						TestTargetID = 8BE574F81B82D0960058722A;
					};
				};
			};
			buildConfigurationList = 8BE574F41B82D0960058722A /* Build configuration list for PBXProject "TableViewControler" */;
			compatibilityVersion = "Xcode 3.2";
			developmentRegion = English;
			hasScannedForEncodings = 0;
			knownRegions = (
				en,
				Base,
			);
			mainGroup = 8BE574F01B82D0960058722A;
			productRefGroup = 8BE574FA1B82D0960058722A /* Products */;
			projectDirPath = "";
			projectRoot = "";
			targets = (
				8BE574F81B82D0960058722A /* TableViewControler */,
				8BE575111B82D0970058722A /* TableViewControlerTests */,
			);
		};
/* End PBXProject section */

/* Begin PBXResourcesBuildPhase section */
		8BE574F71B82D0960058722A /* Resources */ = {
			isa = PBXResourcesBuildPhase;
			buildActionMask = 2147483647;
			files = (
				8BE575081B82D0970058722A /* Main.storyboard in Resources */,
				8BE5750D1B82D0970058722A /* LaunchScreen.xib in Resources */,
				8BE5750A1B82D0970058722A /* Images.xcassets in Resources */,
			);
			runOnlyForDeploymentPostprocessing = 0;
		};
		8BE575101B82D0970058722A /* Resources */ = {
			isa = PBXResourcesBuildPhase;
			buildActionMask = 2147483647;
			files = (
			);
			runOnlyForDeploymentPostprocessing = 0;
		};
/* End PBXResourcesBuildPhase section */

/* Begin PBXSourcesBuildPhase section */
		8BE574F51B82D0960058722A /* Sources */ = {
			isa = PBXSourcesBuildPhase;
			buildActionMask = 2147483647;
			files = (
				8BE575021B82D0970058722A /* AppDelegate.m in Sources */,
				8BE574FF1B82D0970058722A /* main.m in Sources */,
				8BF1237E1B82FBE4003C85C2 /* DetailViewViewController.m in Sources */,
				8BE575271B82EE680058722A /* TableCellTableViewCell.m in Sources */,
				8BE575241B82D0FD0058722A /* TableViewTableViewController.m in Sources */,
			);
			runOnlyForDeploymentPostprocessing = 0;
		};
		8BE5750E1B82D0970058722A /* Sources */ = {
			isa = PBXSourcesBuildPhase;
			buildActionMask = 2147483647;
			files = (
				8BE575191B82D0970058722A /* TableViewControlerTests.m in Sources */,
			);
			runOnlyForDeploymentPostprocessing = 0;
		};
/* End PBXSourcesBuildPhase section */

/* Begin PBXTargetDependency section */
		8BE575141B82D0970058722A /* PBXTargetDependency */ = {
			isa = PBXTargetDependency;
			target = 8BE574F81B82D0960058722A /* TableViewControler */;
			targetProxy = 8BE575131B82D0970058722A /* PBXContainerItemProxy */;
		};
/* End PBXTargetDependency section */

/* Begin PBXVariantGroup section */
		8BE575061B82D0970058722A /* Main.storyboard */ = {
			isa = PBXVariantGroup;
			children = (
				8BE575071B82D0970058722A /* Base */,
			);
			name = Main.storyboard;
			sourceTree = "<group>";
		};
		8BE5750B1B82D0970058722A /* LaunchScreen.xib */ = {
			isa = PBXVariantGroup;
			children = (
				8BE5750C1B82D0970058722A /* Base */,
			);
			name = LaunchScreen.xib;
			sourceTree = "<group>";
		};
/* End PBXVariantGroup section */

/* Begin XCBuildConfiguration section */
		8BE5751A1B82D0970058722A /* Debug */ = {
			isa = XCBuildConfiguration;
			buildSettings = {
				ALWAYS_SEARCH_USER_PATHS = NO;
				CLANG_CXX_LANGUAGE_STANDARD = "gnu++0x";
				CLANG_CXX_LIBRARY = "libc++";
				CLANG_ENABLE_MODULES = YES;
				CLANG_ENABLE_OBJC_ARC = YES;
				CLANG_WARN_BOOL_CONVERSION = YES;
				CLANG_WARN_CONSTANT_CONVERSION = YES;
				CLANG_WARN_DIRECT_OBJC_ISA_USAGE = YES_ERROR;
				CLANG_WARN_EMPTY_BODY = YES;
				CLANG_WARN_ENUM_CONVERSION = YES;
				CLANG_WARN_INT_CONVERSION = YES;
				CLANG_WARN_OBJC_ROOT_CLASS = YES_ERROR;
				CLANG_WARN_UNREACHABLE_CODE = YES;
				CLANG_WARN__DUPLICATE_METHOD_MATCH = YES;
				"CODE_SIGN_IDENTITY[sdk=iphoneos*]" = "iPhone Developer";
				COPY_PHASE_STRIP = NO;
				DEBUG_INFORMATION_FORMAT = "dwarf-with-dsym";
				ENABLE_STRICT_OBJC_MSGSEND = YES;
				GCC_C_LANGUAGE_STANDARD = gnu99;
				GCC_DYNAMIC_NO_PIC = NO;
				GCC_NO_COMMON_BLOCKS = YES;
				GCC_OPTIMIZATION_LEVEL = 0;
				GCC_PREPROCESSOR_DEFINITIONS = (
					"DEBUG=1",
					"$(inherited)",
				);
				GCC_SYMBOLS_PRIVATE_EXTERN = NO;
				GCC_WARN_64_TO_32_BIT_CONVERSION = YES;
				GCC_WARN_ABOUT_RETURN_TYPE = YES_ERROR;
				GCC_WARN_UNDECLARED_SELECTOR = YES;
				GCC_WARN_UNINITIALIZED_AUTOS = YES_AGGRESSIVE;
				GCC_WARN_UNUSED_FUNCTION = YES;
				GCC_WARN_UNUSED_VARIABLE = YES;
				IPHONEOS_DEPLOYMENT_TARGET = 8.4;
				MTL_ENABLE_DEBUG_INFO = YES;
				ONLY_ACTIVE_ARCH = YES;
				SDKROOT = iphoneos;
				TARGETED_DEVICE_FAMILY = "1,2";
			};
			name = Debug;
		};
		8BE5751B1B82D0970058722A /* Release */ = {
			isa = XCBuildConfiguration;
			buildSettings = {
				ALWAYS_SEARCH_USER_PATHS = NO;
				CLANG_CXX_LANGUAGE_STANDARD = "gnu++0x";
				CLANG_CXX_LIBRARY = "libc++";
				CLANG_ENABLE_MODULES = YES;
				CLANG_ENABLE_OBJC_ARC = YES;
				CLANG_WARN_BOOL_CONVERSION = YES;
				CLANG_WARN_CONSTANT_CONVERSION = YES;
				CLANG_WARN_DIRECT_OBJC_ISA_USAGE = YES_ERROR;
				CLANG_WARN_EMPTY_BODY = YES;
				CLANG_WARN_ENUM_CONVERSION = YES;
				CLANG_WARN_INT_CONVERSION = YES;
				CLANG_WARN_OBJC_ROOT_CLASS = YES_ERROR;
				CLANG_WARN_UNREACHABLE_CODE = YES;
				CLANG_WARN__DUPLICATE_METHOD_MATCH = YES;
				"CODE_SIGN_IDENTITY[sdk=iphoneos*]" = "iPhone Developer";
				COPY_PHASE_STRIP = NO;
				DEBUG_INFORMATION_FORMAT = "dwarf-with-dsym";
				ENABLE_NS_ASSERTIONS = NO;
				ENABLE_STRICT_OBJC_MSGSEND = YES;
				GCC_C_LANGUAGE_STANDARD = gnu99;
				GCC_NO_COMMON_BLOCKS = YES;
				GCC_WARN_64_TO_32_BIT_CONVERSION = YES;
				GCC_WARN_ABOUT_RETURN_TYPE = YES_ERROR;
				GCC_WARN_UNDECLARED_SELECTOR = YES;
				GCC_WARN_UNINITIALIZED_AUTOS = YES_AGGRESSIVE;
				GCC_WARN_UNUSED_FUNCTION = YES;
				GCC_WARN_UNUSED_VARIABLE = YES;
				IPHONEOS_DEPLOYMENT_TARGET = 8.4;
				MTL_ENABLE_DEBUG_INFO = NO;
				SDKROOT = iphoneos;
				TARGETED_DEVICE_FAMILY = "1,2";
				VALIDATE_PRODUCT = YES;
			};
			name = Release;
		};
		8BE5751D1B82D0970058722A /* Debug */ = {
			isa = XCBuildConfiguration;
			buildSettings = {
				ASSETCATALOG_COMPILER_APPICON_NAME = AppIcon;
				INFOPLIST_FILE = TableViewControler/Info.plist;
				LD_RUNPATH_SEARCH_PATHS = "$(inherited) @executable_path/Frameworks";
				PRODUCT_NAME = "$(TARGET_NAME)";
			};
			name = Debug;
		};
		8BE5751E1B82D0970058722A /* Release */ = {
			isa = XCBuildConfiguration;
			buildSettings = {
				ASSETCATALOG_COMPILER_APPICON_NAME = AppIcon;
				INFOPLIST_FILE = TableViewControler/Info.plist;
				LD_RUNPATH_SEARCH_PATHS = "$(inherited) @executable_path/Frameworks";
				PRODUCT_NAME = "$(TARGET_NAME)";
			};
			name = Release;
		};
		8BE575201B82D0970058722A /* Debug */ = {
			isa = XCBuildConfiguration;
			buildSettings = {
				BUNDLE_LOADER = "$(TEST_HOST)";
				FRAMEWORK_SEARCH_PATHS = (
					"$(SDKROOT)/Developer/Library/Frameworks",
					"$(inherited)",
				);
				GCC_PREPROCESSOR_DEFINITIONS = (
					"DEBUG=1",
					"$(inherited)",
				);
				INFOPLIST_FILE = TableViewControlerTests/Info.plist;
				LD_RUNPATH_SEARCH_PATHS = "$(inherited) @executable_path/Frameworks @loader_path/Frameworks";
				PRODUCT_NAME = "$(TARGET_NAME)";
				TEST_HOST = "$(BUILT_PRODUCTS_DIR)/TableViewControler.app/TableViewControler";
			};
			name = Debug;
		};
		8BE575211B82D0970058722A /* Release */ = {
			isa = XCBuildConfiguration;
			buildSettings = {
				BUNDLE_LOADER = "$(TEST_HOST)";
				FRAMEWORK_SEARCH_PATHS = (
					"$(SDKROOT)/Developer/Library/Frameworks",
					"$(inherited)",
				);
				INFOPLIST_FILE = TableViewControlerTests/Info.plist;
				LD_RUNPATH_SEARCH_PATHS = "$(inherited) @executable_path/Frameworks @loader_path/Frameworks";
				PRODUCT_NAME = "$(TARGET_NAME)";
				TEST_HOST = "$(BUILT_PRODUCTS_DIR)/TableViewControler.app/TableViewControler";
			};
			name = Release;
		};
/* End XCBuildConfiguration section */

/* Begin XCConfigurationList section */
		8BE574F41B82D0960058722A /* Build configuration list for PBXProject "TableViewControler" */ = {
			isa = XCConfigurationList;
			buildConfigurations = (
				8BE5751A1B82D0970058722A /* Debug */,
				8BE5751B1B82D0970058722A /* Release */,
			);
			defaultConfigurationIsVisible = 0;
			defaultConfigurationName = Release;
		};
		8BE5751C1B82D0970058722A /* Build configuration list for PBXNativeTarget "TableViewControler" */ = {
			isa = XCConfigurationList;
			buildConfigurations = (
				8BE5751D1B82D0970058722A /* Debug */,
				8BE5751E1B82D0970058722A /* Release */,
			);
			defaultConfigurationIsVisible = 0;
			defaultConfigurationName = Release;
		};
		8BE5751F1B82D0970058722A /* Build configuration list for PBXNativeTarget "TableViewControlerTests" */ = {
			isa = XCConfigurationList;
			buildConfigurations = (
				8BE575201B82D0970058722A /* Debug */,
				8BE575211B82D0970058722A /* Release */,
			);
			defaultConfigurationIsVisible = 0;
			defaultConfigurationName = Release;
		};
/* End XCConfigurationList section */
	};
	rootObject = 8BE574F11B82D0960058722A /* Project object */;
}
